
Microsoft Visual Studio Solution File, Format Version 12.00
# Visual Studio Version 17
VisualStudioVersion = 17.9.34723.18
MinimumVisualStudioVersion = 10.0.40219.1
Project("{FAE04EC0-301F-11D3-BF4B-00C04F79EFBC}") = "Aula_CelsiusXFar_REP2", "Aula_CelsiusXFar_REP2.csproj", "{A12BDED3-9BBC-4C49-B2BC-9489B13686D4}"
EndProject
Global
	GlobalSection(SolutionConfigurationPlatforms) = preSolution
		Debug|Any CPU = Debug|Any CPU
		Release|Any CPU = Release|Any CPU
	EndGlobalSection
	GlobalSection(ProjectConfigurationPlatforms) = postSolution
		{A12BDED3-9BBC-4C49-B2BC-9489B13686D4}.Debug|Any CPU.ActiveCfg = Debug|Any CPU
		{A12BDED3-9BBC-4C49-B2BC-9489B13686D4}.Debug|Any CPU.Build.0 = Debug|Any CPU
		{A12BDED3-9BBC-4C49-B2BC-9489B13686D4}.Release|Any CPU.ActiveCfg = Release|Any CPU
		{A12BDED3-9BBC-4C49-B2BC-9489B13686D4}.Release|Any CPU.Build.0 = Release|Any CPU
	EndGlobalSection
	GlobalSection(SolutionProperties) = preSolution
		HideSolutionNode = FALSE
	EndGlobalSection
	GlobalSection(ExtensibilityGlobals) = postSolution
		SolutionGuid = {A5B1C4FF-92CB-4080-899F-1A8F43FE1CB7}
	EndGlobalSection
EndGlobal
