
Microsoft Visual Studio Solution File, Format Version 12.00
# Visual Studio Version 17
VisualStudioVersion = 17.9.34723.18
MinimumVisualStudioVersion = 10.0.40219.1
Project("{FAE04EC0-301F-11D3-BF4B-00C04F79EFBC}") = "Numerosprimos", "Numerosprimos.csproj", "{6835805A-0AEF-44C9-B0DF-CB757CA71BF1}"
EndProject
Global
	GlobalSection(SolutionConfigurationPlatforms) = preSolution
		Debug|Any CPU = Debug|Any CPU
		Release|Any CPU = Release|Any CPU
	EndGlobalSection
	GlobalSection(ProjectConfigurationPlatforms) = postSolution
		{6835805A-0AEF-44C9-B0DF-CB757CA71BF1}.Debug|Any CPU.ActiveCfg = Debug|Any CPU
		{6835805A-0AEF-44C9-B0DF-CB757CA71BF1}.Debug|Any CPU.Build.0 = Debug|Any CPU
		{6835805A-0AEF-44C9-B0DF-CB757CA71BF1}.Release|Any CPU.ActiveCfg = Release|Any CPU
		{6835805A-0AEF-44C9-B0DF-CB757CA71BF1}.Release|Any CPU.Build.0 = Release|Any CPU
	EndGlobalSection
	GlobalSection(SolutionProperties) = preSolution
		HideSolutionNode = FALSE
	EndGlobalSection
	GlobalSection(ExtensibilityGlobals) = postSolution
		SolutionGuid = {BD4E533E-EAA9-4BE4-85BB-F8C134B37612}
	EndGlobalSection
EndGlobal
