
Microsoft Visual Studio Solution File, Format Version 12.00
# Visual Studio Version 17
VisualStudioVersion = 17.8.34525.116
MinimumVisualStudioVersion = 10.0.40219.1
Project("{FAE04EC0-301F-11D3-BF4B-00C04F79EFBC}") = "Aula07Concatenacao", "Aula07Concatenacao.csproj", "{0ACA9C12-F583-47B3-BE63-114DD85531ED}"
EndProject
Global
	GlobalSection(SolutionConfigurationPlatforms) = preSolution
		Debug|Any CPU = Debug|Any CPU
		Release|Any CPU = Release|Any CPU
	EndGlobalSection
	GlobalSection(ProjectConfigurationPlatforms) = postSolution
		{0ACA9C12-F583-47B3-BE63-114DD85531ED}.Debug|Any CPU.ActiveCfg = Debug|Any CPU
		{0ACA9C12-F583-47B3-BE63-114DD85531ED}.Debug|Any CPU.Build.0 = Debug|Any CPU
		{0ACA9C12-F583-47B3-BE63-114DD85531ED}.Release|Any CPU.ActiveCfg = Release|Any CPU
		{0ACA9C12-F583-47B3-BE63-114DD85531ED}.Release|Any CPU.Build.0 = Release|Any CPU
	EndGlobalSection
	GlobalSection(SolutionProperties) = preSolution
		HideSolutionNode = FALSE
	EndGlobalSection
	GlobalSection(ExtensibilityGlobals) = postSolution
		SolutionGuid = {69DD5862-E834-4862-A9DD-B5692FA56B62}
	EndGlobalSection
EndGlobal
