
Microsoft Visual Studio Solution File, Format Version 12.00
# Visual Studio Version 17
VisualStudioVersion = 17.9.34723.18
MinimumVisualStudioVersion = 10.0.40219.1
Project("{FAE04EC0-301F-11D3-BF4B-00C04F79EFBC}") = "AulaCortarPalavrasREP", "AulaCortarPalavrasREP.csproj", "{4DABFBFC-70F4-4AFC-B121-D5782ECACD1A}"
EndProject
Global
	GlobalSection(SolutionConfigurationPlatforms) = preSolution
		Debug|Any CPU = Debug|Any CPU
		Release|Any CPU = Release|Any CPU
	EndGlobalSection
	GlobalSection(ProjectConfigurationPlatforms) = postSolution
		{4DABFBFC-70F4-4AFC-B121-D5782ECACD1A}.Debug|Any CPU.ActiveCfg = Debug|Any CPU
		{4DABFBFC-70F4-4AFC-B121-D5782ECACD1A}.Debug|Any CPU.Build.0 = Debug|Any CPU
		{4DABFBFC-70F4-4AFC-B121-D5782ECACD1A}.Release|Any CPU.ActiveCfg = Release|Any CPU
		{4DABFBFC-70F4-4AFC-B121-D5782ECACD1A}.Release|Any CPU.Build.0 = Release|Any CPU
	EndGlobalSection
	GlobalSection(SolutionProperties) = preSolution
		HideSolutionNode = FALSE
	EndGlobalSection
	GlobalSection(ExtensibilityGlobals) = postSolution
		SolutionGuid = {FB0FAFF2-5D49-430F-A30C-D32AB74B68BF}
	EndGlobalSection
EndGlobal
