
Microsoft Visual Studio Solution File, Format Version 12.00
# Visual Studio Version 17
VisualStudioVersion = 17.8.34525.116
MinimumVisualStudioVersion = 10.0.40219.1
Project("{FAE04EC0-301F-11D3-BF4B-00C04F79EFBC}") = "Aula04qtsgraus", "Aula04qtsgraus.csproj", "{A403D2D0-303D-40E8-9686-558534855C53}"
EndProject
Global
	GlobalSection(SolutionConfigurationPlatforms) = preSolution
		Debug|Any CPU = Debug|Any CPU
		Release|Any CPU = Release|Any CPU
	EndGlobalSection
	GlobalSection(ProjectConfigurationPlatforms) = postSolution
		{A403D2D0-303D-40E8-9686-558534855C53}.Debug|Any CPU.ActiveCfg = Debug|Any CPU
		{A403D2D0-303D-40E8-9686-558534855C53}.Debug|Any CPU.Build.0 = Debug|Any CPU
		{A403D2D0-303D-40E8-9686-558534855C53}.Release|Any CPU.ActiveCfg = Release|Any CPU
		{A403D2D0-303D-40E8-9686-558534855C53}.Release|Any CPU.Build.0 = Release|Any CPU
	EndGlobalSection
	GlobalSection(SolutionProperties) = preSolution
		HideSolutionNode = FALSE
	EndGlobalSection
	GlobalSection(ExtensibilityGlobals) = postSolution
		SolutionGuid = {28527559-E51C-4F1F-BAC4-9F58594E8117}
	EndGlobalSection
EndGlobal
