
Microsoft Visual Studio Solution File, Format Version 12.00
# Visual Studio Version 17
VisualStudioVersion = 17.9.34723.18
MinimumVisualStudioVersion = 10.0.40219.1
Project("{FAE04EC0-301F-11D3-BF4B-00C04F79EFBC}") = "Aula 02 - qualomesrepeticao", "Aula 02 - qualomesrepeticao.csproj", "{25670F91-51C3-4766-A8E0-C59FF99C46CE}"
EndProject
Global
	GlobalSection(SolutionConfigurationPlatforms) = preSolution
		Debug|Any CPU = Debug|Any CPU
		Release|Any CPU = Release|Any CPU
	EndGlobalSection
	GlobalSection(ProjectConfigurationPlatforms) = postSolution
		{25670F91-51C3-4766-A8E0-C59FF99C46CE}.Debug|Any CPU.ActiveCfg = Debug|Any CPU
		{25670F91-51C3-4766-A8E0-C59FF99C46CE}.Debug|Any CPU.Build.0 = Debug|Any CPU
		{25670F91-51C3-4766-A8E0-C59FF99C46CE}.Release|Any CPU.ActiveCfg = Release|Any CPU
		{25670F91-51C3-4766-A8E0-C59FF99C46CE}.Release|Any CPU.Build.0 = Release|Any CPU
	EndGlobalSection
	GlobalSection(SolutionProperties) = preSolution
		HideSolutionNode = FALSE
	EndGlobalSection
	GlobalSection(ExtensibilityGlobals) = postSolution
		SolutionGuid = {6B3C23F7-EC31-4F88-B0A6-99367894752E}
	EndGlobalSection
EndGlobal
