
Microsoft Visual Studio Solution File, Format Version 12.00
# Visual Studio Version 17
VisualStudioVersion = 17.9.34723.18
MinimumVisualStudioVersion = 10.0.40219.1
Project("{FAE04EC0-301F-11D3-BF4B-00C04F79EFBC}") = "Consultanomenalista", "Consultanomenalista.csproj", "{991B1B2F-8E7A-44BF-8AC2-994427334117}"
EndProject
Global
	GlobalSection(SolutionConfigurationPlatforms) = preSolution
		Debug|Any CPU = Debug|Any CPU
		Release|Any CPU = Release|Any CPU
	EndGlobalSection
	GlobalSection(ProjectConfigurationPlatforms) = postSolution
		{991B1B2F-8E7A-44BF-8AC2-994427334117}.Debug|Any CPU.ActiveCfg = Debug|Any CPU
		{991B1B2F-8E7A-44BF-8AC2-994427334117}.Debug|Any CPU.Build.0 = Debug|Any CPU
		{991B1B2F-8E7A-44BF-8AC2-994427334117}.Release|Any CPU.ActiveCfg = Release|Any CPU
		{991B1B2F-8E7A-44BF-8AC2-994427334117}.Release|Any CPU.Build.0 = Release|Any CPU
	EndGlobalSection
	GlobalSection(SolutionProperties) = preSolution
		HideSolutionNode = FALSE
	EndGlobalSection
	GlobalSection(ExtensibilityGlobals) = postSolution
		SolutionGuid = {F69B330D-F009-4249-A68B-B86D9843B43E}
	EndGlobalSection
EndGlobal
