
Microsoft Visual Studio Solution File, Format Version 12.00
# Visual Studio Version 17
VisualStudioVersion = 17.8.34525.116
MinimumVisualStudioVersion = 10.0.40219.1
Project("{FAE04EC0-301F-11D3-BF4B-00C04F79EFBC}") = "Aula29Mar", "Aula29Mar.csproj", "{89E63E79-8A17-447D-8043-F51E9D5B1C98}"
EndProject
Global
	GlobalSection(SolutionConfigurationPlatforms) = preSolution
		Debug|Any CPU = Debug|Any CPU
		Release|Any CPU = Release|Any CPU
	EndGlobalSection
	GlobalSection(ProjectConfigurationPlatforms) = postSolution
		{89E63E79-8A17-447D-8043-F51E9D5B1C98}.Debug|Any CPU.ActiveCfg = Debug|Any CPU
		{89E63E79-8A17-447D-8043-F51E9D5B1C98}.Debug|Any CPU.Build.0 = Debug|Any CPU
		{89E63E79-8A17-447D-8043-F51E9D5B1C98}.Release|Any CPU.ActiveCfg = Release|Any CPU
		{89E63E79-8A17-447D-8043-F51E9D5B1C98}.Release|Any CPU.Build.0 = Release|Any CPU
	EndGlobalSection
	GlobalSection(SolutionProperties) = preSolution
		HideSolutionNode = FALSE
	EndGlobalSection
	GlobalSection(ExtensibilityGlobals) = postSolution
		SolutionGuid = {96DD9DF0-966C-4367-9B01-5AEDA2FEF86E}
	EndGlobalSection
EndGlobal
