
Microsoft Visual Studio Solution File, Format Version 12.00
# Visual Studio Version 17
VisualStudioVersion = 17.9.34723.18
MinimumVisualStudioVersion = 10.0.40219.1
Project("{FAE04EC0-301F-11D3-BF4B-00C04F79EFBC}") = "RemoverLetras", "RemoverLetras.csproj", "{CEC62EAF-D9D7-4B1D-819F-240EFD90A379}"
EndProject
Global
	GlobalSection(SolutionConfigurationPlatforms) = preSolution
		Debug|Any CPU = Debug|Any CPU
		Release|Any CPU = Release|Any CPU
	EndGlobalSection
	GlobalSection(ProjectConfigurationPlatforms) = postSolution
		{CEC62EAF-D9D7-4B1D-819F-240EFD90A379}.Debug|Any CPU.ActiveCfg = Debug|Any CPU
		{CEC62EAF-D9D7-4B1D-819F-240EFD90A379}.Debug|Any CPU.Build.0 = Debug|Any CPU
		{CEC62EAF-D9D7-4B1D-819F-240EFD90A379}.Release|Any CPU.ActiveCfg = Release|Any CPU
		{CEC62EAF-D9D7-4B1D-819F-240EFD90A379}.Release|Any CPU.Build.0 = Release|Any CPU
	EndGlobalSection
	GlobalSection(SolutionProperties) = preSolution
		HideSolutionNode = FALSE
	EndGlobalSection
	GlobalSection(ExtensibilityGlobals) = postSolution
		SolutionGuid = {67226BC6-1CB0-4151-A74D-A316F9BB7C65}
	EndGlobalSection
EndGlobal
